Microsoft Visual Studio Solution File, Format Version 11.00
# Visual Studio 2010
Project("{FAE04EC0-301F-11D3-BF4B-00C04F79EFBC}") = "db4oProvidersTest", "db4oProvidersTest\db4oProvidersTest.csproj", "{A3674D23-78B1-4FED-90F7-B0E1F5BDEE1B}"
EndProject
Project("{FAE04EC0-301F-11D3-BF4B-00C04F79EFBC}") = "db4oProviders", "db4oProviders\db4oProviders.csproj", "{0BF02E71-598C-46D1-8EC3-DF6731345BA7}"
EndProject
Global
	GlobalSection(SolutionConfigurationPlatforms) = preSolution
		Debug|Any CPU = Debug|Any CPU
		Release|Any CPU = Release|Any CPU
	EndGlobalSection
	GlobalSection(ProjectConfigurationPlatforms) = postSolution
		{A3674D23-78B1-4FED-90F7-B0E1F5BDEE1B}.Debug|Any CPU.ActiveCfg = Debug|Any CPU
		{A3674D23-78B1-4FED-90F7-B0E1F5BDEE1B}.Debug|Any CPU.Build.0 = Debug|Any CPU
		{A3674D23-78B1-4FED-90F7-B0E1F5BDEE1B}.Release|Any CPU.ActiveCfg = Release|Any CPU
		{A3674D23-78B1-4FED-90F7-B0E1F5BDEE1B}.Release|Any CPU.Build.0 = Release|Any CPU
		{0BF02E71-598C-46D1-8EC3-DF6731345BA7}.Debug|Any CPU.ActiveCfg = Debug|Any CPU
		{0BF02E71-598C-46D1-8EC3-DF6731345BA7}.Debug|Any CPU.Build.0 = Debug|Any CPU
		{0BF02E71-598C-46D1-8EC3-DF6731345BA7}.Release|Any CPU.ActiveCfg = Release|Any CPU
		{0BF02E71-598C-46D1-8EC3-DF6731345BA7}.Release|Any CPU.Build.0 = Release|Any CPU
	EndGlobalSection
	GlobalSection(SolutionProperties) = preSolution
		HideSolutionNode = FALSE
	EndGlobalSection
EndGlobal
